
Microsoft Visual Studio Solution File, Format Version 12.00
# Visual Studio Version 16
VisualStudioVersion = 16.0.31112.23
MinimumVisualStudioVersion = 10.0.40219.1
Project("{FAE04EC0-301F-11D3-BF4B-00C04F79EFBC}") = "PolyMoreShapes", "InterfaceAllShapes\PolyMoreShapes.csproj", "{3F21E612-BB8E-4927-816E-2F3725AF19CB}"
EndProject
Global
	GlobalSection(SolutionConfigurationPlatforms) = preSolution
		Debug|Any CPU = Debug|Any CPU
		Release|Any CPU = Release|Any CPU
	EndGlobalSection
	GlobalSection(ProjectConfigurationPlatforms) = postSolution
		{3F21E612-BB8E-4927-816E-2F3725AF19CB}.Debug|Any CPU.ActiveCfg = Debug|Any CPU
		{3F21E612-BB8E-4927-816E-2F3725AF19CB}.Debug|Any CPU.Build.0 = Debug|Any CPU
		{3F21E612-BB8E-4927-816E-2F3725AF19CB}.Release|Any CPU.ActiveCfg = Release|Any CPU
		{3F21E612-BB8E-4927-816E-2F3725AF19CB}.Release|Any CPU.Build.0 = Release|Any CPU
	EndGlobalSection
	GlobalSection(SolutionProperties) = preSolution
		HideSolutionNode = FALSE
	EndGlobalSection
	GlobalSection(ExtensibilityGlobals) = postSolution
		SolutionGuid = {CF72A861-148E-43D8-9BDA-7E0C48988F03}
	EndGlobalSection
EndGlobal
